
Microsoft Visual Studio Solution File, Format Version 12.00
# Visual Studio Version 17
VisualStudioVersion = 17.9.34607.119
MinimumVisualStudioVersion = 10.0.40219.1
Project("{FAE04EC0-301F-11D3-BF4B-00C04F79EFBC}") = "SJHA1", "SJHA1.csproj", "{EFD6509E-8D37-458E-845F-CA7930C361C7}"
EndProject
Global
	GlobalSection(SolutionConfigurationPlatforms) = preSolution
		Debug|Any CPU = Debug|Any CPU
		Release|Any CPU = Release|Any CPU
	EndGlobalSection
	GlobalSection(ProjectConfigurationPlatforms) = postSolution
		{EFD6509E-8D37-458E-845F-CA7930C361C7}.Debug|Any CPU.ActiveCfg = Debug|Any CPU
		{EFD6509E-8D37-458E-845F-CA7930C361C7}.Debug|Any CPU.Build.0 = Debug|Any CPU
		{EFD6509E-8D37-458E-845F-CA7930C361C7}.Debug|Any CPU.Deploy.0 = Debug|Any CPU
		{EFD6509E-8D37-458E-845F-CA7930C361C7}.Release|Any CPU.ActiveCfg = Release|Any CPU
		{EFD6509E-8D37-458E-845F-CA7930C361C7}.Release|Any CPU.Build.0 = Release|Any CPU
		{EFD6509E-8D37-458E-845F-CA7930C361C7}.Release|Any CPU.Deploy.0 = Release|Any CPU
	EndGlobalSection
	GlobalSection(SolutionProperties) = preSolution
		HideSolutionNode = FALSE
	EndGlobalSection
	GlobalSection(ExtensibilityGlobals) = postSolution
		SolutionGuid = {A59A7A9A-33E1-4C43-B5D3-E2D2476EF0C9}
	EndGlobalSection
EndGlobal
